{
  "version": 4,
  "terraform_version": "1.7.1",
  "serial": 29,
  "lineage": "bb3ab49c-2a64-7008-fd72-a55d0b68316f",
  "outputs": {},
  "resources": [
    {
      "module": "module.add-function",
      "mode": "managed",
      "type": "google_cloudfunctions_function",
      "name": "function",
      "provider": "provider[\"registry.terraform.io/hashicorp/google\"]",
      "instances": [
        {
          "schema_version": 0,
          "attributes": {
            "available_memory_mb": 512,
            "build_environment_variables": null,
            "build_worker_pool": "",
            "description": "javascript function that adds a user to minecraft server",
            "docker_registry": "ARTIFACT_REGISTRY",
            "docker_repository": "",
            "effective_labels": {},
            "entry_point": "makeFWRule",
            "environment_variables": {},
            "event_trigger": [],
            "https_trigger_security_level": "SECURE_OPTIONAL",
            "https_trigger_url": "https://asia-southeast1-minecraft-server-410302.cloudfunctions.net/add-user",
            "id": "projects/minecraft-server-410302/locations/asia-southeast1/functions/add-user",
            "ingress_settings": "ALLOW_ALL",
            "kms_key_name": "",
            "labels": {},
            "max_instances": 0,
            "min_instances": 0,
            "name": "add-user",
            "project": "minecraft-server-410302",
            "region": "asia-southeast1",
            "runtime": "nodejs16",
            "secret_environment_variables": [],
            "secret_volumes": [],
            "service_account_email": "minecraft-server-410302@appspot.gserviceaccount.com",
            "source_archive_bucket": "minecraft-server-410302-functions",
            "source_archive_object": "add-user.zip",
            "source_repository": [],
            "status": "ACTIVE",
            "terraform_labels": {},
            "timeout": 60,
            "timeouts": null,
            "trigger_http": true,
            "vpc_connector": "",
            "vpc_connector_egress_settings": ""
          },
          "sensitive_attributes": [],
          "private": "eyJlMmJmYjczMC1lY2FhLTExZTYtOGY4OC0zNDM2M2JjN2M0YzAiOnsiY3JlYXRlIjozMDAwMDAwMDAwMDAsImRlbGV0ZSI6MzAwMDAwMDAwMDAwLCJyZWFkIjozMDAwMDAwMDAwMDAsInVwZGF0ZSI6MzAwMDAwMDAwMDAwfX0=",
          "dependencies": [
            "module.add-function.google_storage_bucket_object.archive"
          ]
        }
      ]
    },
    {
      "module": "module.add-function",
      "mode": "managed",
      "type": "google_cloudfunctions_function_iam_member",
      "name": "invoker",
      "provider": "provider[\"registry.terraform.io/hashicorp/google\"]",
      "instances": [
        {
          "schema_version": 0,
          "attributes": {
            "cloud_function": "projects/minecraft-server-410302/locations/asia-southeast1/functions/add-user",
            "condition": [],
            "etag": "BwYRd5DjLcI=",
            "id": "projects/minecraft-server-410302/locations/asia-southeast1/functions/add-user/roles/cloudfunctions.invoker/allUsers",
            "member": "allUsers",
            "project": "minecraft-server-410302",
            "region": "asia-southeast1",
            "role": "roles/cloudfunctions.invoker"
          },
          "sensitive_attributes": [],
          "private": "bnVsbA==",
          "dependencies": [
            "module.add-function.google_cloudfunctions_function.function",
            "module.add-function.google_storage_bucket_object.archive"
          ]
        }
      ]
    },
    {
      "module": "module.add-function",
      "mode": "managed",
      "type": "google_storage_bucket_object",
      "name": "archive",
      "provider": "provider[\"registry.terraform.io/hashicorp/google\"]",
      "instances": [
        {
          "schema_version": 0,
          "attributes": {
            "bucket": "minecraft-server-410302-functions",
            "cache_control": "",
            "content": null,
            "content_disposition": "",
            "content_encoding": "",
            "content_language": "",
            "content_type": "application/zip",
            "crc32c": "Jo54tA==",
            "customer_encryption": [],
            "detect_md5hash": "fEIVmbf5KlgQl4SBTFKK4Q==",
            "event_based_hold": false,
            "id": "minecraft-server-410302-functions-add-user.zip",
            "kms_key_name": "",
            "md5hash": "fEIVmbf5KlgQl4SBTFKK4Q==",
            "media_link": "https://storage.googleapis.com/download/storage/v1/b/minecraft-server-410302-functions/o/add-user.zip?generation=1708054506230104\u0026alt=media",
            "metadata": {},
            "name": "add-user.zip",
            "output_name": "add-user.zip",
            "retention": [],
            "self_link": "https://www.googleapis.com/storage/v1/b/minecraft-server-410302-functions/o/add-user.zip",
            "source": "./functions/add-user/add-user.zip",
            "storage_class": "STANDARD",
            "temporary_hold": false,
            "timeouts": null
          },
          "sensitive_attributes": [],
          "private": "eyJlMmJmYjczMC1lY2FhLTExZTYtOGY4OC0zNDM2M2JjN2M0YzAiOnsiY3JlYXRlIjoyNDAwMDAwMDAwMDAsImRlbGV0ZSI6MjQwMDAwMDAwMDAwLCJ1cGRhdGUiOjI0MDAwMDAwMDAwMH19"
        }
      ]
    },
    {
      "module": "module.mc-server.module.gce-container",
      "mode": "data",
      "type": "google_compute_image",
      "name": "coreos",
      "provider": "provider[\"registry.terraform.io/hashicorp/google\"]",
      "instances": [
        {
          "schema_version": 0,
          "attributes": {
            "archive_size_bytes": 1788637440,
            "creation_timestamp": "2024-02-12T15:52:14.070-08:00",
            "description": "Google, Container-Optimized OS, 109-17800.147.9 stable, Kernel: COS-6.1.75 Kubernetes: 1.27.3 Docker: 24.0.5 Family: cos-stable",
            "disk_size_gb": 10,
            "family": "cos-stable",
            "filter": null,
            "id": "projects/cos-cloud/global/images/cos-stable-109-17800-147-9",
            "image_encryption_key_sha256": "",
            "image_id": "5131479379098407362",
            "label_fingerprint": "nu1iMEQR5S8=",
            "labels": {
              "build_number": "17800-147-9",
              "milestone": "109",
              "public-image": "true"
            },
            "licenses": [
              "https://www.googleapis.com/compute/v1/projects/cos-cloud/global/licenses/cos-pcid",
              "https://www.googleapis.com/compute/v1/projects/cos-cloud/global/licenses/cos",
              "https://www.googleapis.com/compute/v1/projects/cos-cloud-shielded/global/licenses/shielded-cos"
            ],
            "most_recent": false,
            "name": "cos-stable-109-17800-147-9",
            "project": "cos-cloud",
            "self_link": "https://www.googleapis.com/compute/v1/projects/cos-cloud/global/images/cos-stable-109-17800-147-9",
            "source_disk": "",
            "source_disk_encryption_key_sha256": "",
            "source_disk_id": "",
            "source_image_id": "",
            "status": "READY"
          },
          "sensitive_attributes": []
        }
      ]
    },
    {
      "module": "module.start-function",
      "mode": "managed",
      "type": "google_cloudfunctions_function",
      "name": "function",
      "provider": "provider[\"registry.terraform.io/hashicorp/google\"]",
      "instances": [
        {
          "schema_version": 0,
          "attributes": {
            "available_memory_mb": 512,
            "build_environment_variables": null,
            "build_worker_pool": "",
            "description": "javascript function that starts minecraft server",
            "docker_registry": "ARTIFACT_REGISTRY",
            "docker_repository": "",
            "effective_labels": {},
            "entry_point": "startInstance",
            "environment_variables": {},
            "event_trigger": [],
            "https_trigger_security_level": "SECURE_OPTIONAL",
            "https_trigger_url": "https://asia-southeast1-minecraft-server-410302.cloudfunctions.net/strt-server",
            "id": "projects/minecraft-server-410302/locations/asia-southeast1/functions/strt-server",
            "ingress_settings": "ALLOW_ALL",
            "kms_key_name": "",
            "labels": {},
            "max_instances": 0,
            "min_instances": 0,
            "name": "strt-server",
            "project": "minecraft-server-410302",
            "region": "asia-southeast1",
            "runtime": "nodejs16",
            "secret_environment_variables": [],
            "secret_volumes": [],
            "service_account_email": "minecraft-server-410302@appspot.gserviceaccount.com",
            "source_archive_bucket": "minecraft-server-410302-functions",
            "source_archive_object": "start-server.zip",
            "source_repository": [],
            "status": "ACTIVE",
            "terraform_labels": {},
            "timeout": 60,
            "timeouts": null,
            "trigger_http": true,
            "vpc_connector": "",
            "vpc_connector_egress_settings": ""
          },
          "sensitive_attributes": [],
          "private": "eyJlMmJmYjczMC1lY2FhLTExZTYtOGY4OC0zNDM2M2JjN2M0YzAiOnsiY3JlYXRlIjozMDAwMDAwMDAwMDAsImRlbGV0ZSI6MzAwMDAwMDAwMDAwLCJyZWFkIjozMDAwMDAwMDAwMDAsInVwZGF0ZSI6MzAwMDAwMDAwMDAwfX0=",
          "dependencies": [
            "module.start-function.google_storage_bucket_object.archive"
          ]
        }
      ]
    },
    {
      "module": "module.start-function",
      "mode": "managed",
      "type": "google_cloudfunctions_function_iam_member",
      "name": "invoker",
      "provider": "provider[\"registry.terraform.io/hashicorp/google\"]",
      "instances": [
        {
          "schema_version": 0,
          "attributes": {
            "cloud_function": "projects/minecraft-server-410302/locations/asia-southeast1/functions/strt-server",
            "condition": [],
            "etag": "BwYRd5DSP/o=",
            "id": "projects/minecraft-server-410302/locations/asia-southeast1/functions/strt-server/roles/cloudfunctions.invoker/allUsers",
            "member": "allUsers",
            "project": "minecraft-server-410302",
            "region": "asia-southeast1",
            "role": "roles/cloudfunctions.invoker"
          },
          "sensitive_attributes": [],
          "private": "bnVsbA==",
          "dependencies": [
            "module.start-function.google_cloudfunctions_function.function",
            "module.start-function.google_storage_bucket_object.archive"
          ]
        }
      ]
    },
    {
      "module": "module.start-function",
      "mode": "managed",
      "type": "google_storage_bucket_object",
      "name": "archive",
      "provider": "provider[\"registry.terraform.io/hashicorp/google\"]",
      "instances": [
        {
          "schema_version": 0,
          "attributes": {
            "bucket": "minecraft-server-410302-functions",
            "cache_control": "",
            "content": null,
            "content_disposition": "",
            "content_encoding": "",
            "content_language": "",
            "content_type": "application/zip",
            "crc32c": "JodcAQ==",
            "customer_encryption": [],
            "detect_md5hash": "qZt8bywwyWppmGT37bYspA==",
            "event_based_hold": false,
            "id": "minecraft-server-410302-functions-start-server.zip",
            "kms_key_name": "",
            "md5hash": "qZt8bywwyWppmGT37bYspA==",
            "media_link": "https://storage.googleapis.com/download/storage/v1/b/minecraft-server-410302-functions/o/start-server.zip?generation=1708054506346018\u0026alt=media",
            "metadata": {},
            "name": "start-server.zip",
            "output_name": "start-server.zip",
            "retention": [],
            "self_link": "https://www.googleapis.com/storage/v1/b/minecraft-server-410302-functions/o/start-server.zip",
            "source": "./functions/start-server/start-server.zip",
            "storage_class": "STANDARD",
            "temporary_hold": false,
            "timeouts": null
          },
          "sensitive_attributes": [],
          "private": "eyJlMmJmYjczMC1lY2FhLTExZTYtOGY4OC0zNDM2M2JjN2M0YzAiOnsiY3JlYXRlIjoyNDAwMDAwMDAwMDAsImRlbGV0ZSI6MjQwMDAwMDAwMDAwLCJ1cGRhdGUiOjI0MDAwMDAwMDAwMH19"
        }
      ]
    },
    {
      "module": "module.stop-function",
      "mode": "managed",
      "type": "google_cloudfunctions_function",
      "name": "function",
      "provider": "provider[\"registry.terraform.io/hashicorp/google\"]",
      "instances": [
        {
          "schema_version": 0,
          "attributes": {
            "available_memory_mb": 512,
            "build_environment_variables": null,
            "build_worker_pool": "",
            "description": "javascript function that stops minecraft server",
            "docker_registry": "ARTIFACT_REGISTRY",
            "docker_repository": "",
            "effective_labels": {},
            "entry_point": "stopInstance",
            "environment_variables": {},
            "event_trigger": [],
            "https_trigger_security_level": "SECURE_OPTIONAL",
            "https_trigger_url": "https://asia-southeast1-minecraft-server-410302.cloudfunctions.net/stop-server",
            "id": "projects/minecraft-server-410302/locations/asia-southeast1/functions/stop-server",
            "ingress_settings": "ALLOW_ALL",
            "kms_key_name": "",
            "labels": {},
            "max_instances": 0,
            "min_instances": 0,
            "name": "stop-server",
            "project": "minecraft-server-410302",
            "region": "asia-southeast1",
            "runtime": "nodejs16",
            "secret_environment_variables": [],
            "secret_volumes": [],
            "service_account_email": "minecraft-server-410302@appspot.gserviceaccount.com",
            "source_archive_bucket": "minecraft-server-410302-functions",
            "source_archive_object": "stop-server.zip",
            "source_repository": [],
            "status": "ACTIVE",
            "terraform_labels": {},
            "timeout": 60,
            "timeouts": null,
            "trigger_http": true,
            "vpc_connector": "",
            "vpc_connector_egress_settings": ""
          },
          "sensitive_attributes": [],
          "private": "eyJlMmJmYjczMC1lY2FhLTExZTYtOGY4OC0zNDM2M2JjN2M0YzAiOnsiY3JlYXRlIjozMDAwMDAwMDAwMDAsImRlbGV0ZSI6MzAwMDAwMDAwMDAwLCJyZWFkIjozMDAwMDAwMDAwMDAsInVwZGF0ZSI6MzAwMDAwMDAwMDAwfX0=",
          "dependencies": [
            "module.stop-function.google_storage_bucket_object.archive"
          ]
        }
      ]
    },
    {
      "module": "module.stop-function",
      "mode": "managed",
      "type": "google_cloudfunctions_function_iam_member",
      "name": "invoker",
      "provider": "provider[\"registry.terraform.io/hashicorp/google\"]",
      "instances": [
        {
          "schema_version": 0,
          "attributes": {
            "cloud_function": "projects/minecraft-server-410302/locations/asia-southeast1/functions/stop-server",
            "condition": [],
            "etag": "BwYRd4+Zd0Q=",
            "id": "projects/minecraft-server-410302/locations/asia-southeast1/functions/stop-server/roles/cloudfunctions.invoker/allUsers",
            "member": "allUsers",
            "project": "minecraft-server-410302",
            "region": "asia-southeast1",
            "role": "roles/cloudfunctions.invoker"
          },
          "sensitive_attributes": [],
          "private": "bnVsbA==",
          "dependencies": [
            "module.stop-function.google_cloudfunctions_function.function",
            "module.stop-function.google_storage_bucket_object.archive"
          ]
        }
      ]
    },
    {
      "module": "module.stop-function",
      "mode": "managed",
      "type": "google_storage_bucket_object",
      "name": "archive",
      "provider": "provider[\"registry.terraform.io/hashicorp/google\"]",
      "instances": [
        {
          "schema_version": 0,
          "attributes": {
            "bucket": "minecraft-server-410302-functions",
            "cache_control": "",
            "content": null,
            "content_disposition": "",
            "content_encoding": "",
            "content_language": "",
            "content_type": "application/zip",
            "crc32c": "035lMw==",
            "customer_encryption": [],
            "detect_md5hash": "Ygoigvm/45IAcJiz0yQPbw==",
            "event_based_hold": false,
            "id": "minecraft-server-410302-functions-stop-server.zip",
            "kms_key_name": "",
            "md5hash": "Ygoigvm/45IAcJiz0yQPbw==",
            "media_link": "https://storage.googleapis.com/download/storage/v1/b/minecraft-server-410302-functions/o/stop-server.zip?generation=1708054506296199\u0026alt=media",
            "metadata": {},
            "name": "stop-server.zip",
            "output_name": "stop-server.zip",
            "retention": [],
            "self_link": "https://www.googleapis.com/storage/v1/b/minecraft-server-410302-functions/o/stop-server.zip",
            "source": "./functions/stop-server/stop-server.zip",
            "storage_class": "STANDARD",
            "temporary_hold": false,
            "timeouts": null
          },
          "sensitive_attributes": [],
          "private": "eyJlMmJmYjczMC1lY2FhLTExZTYtOGY4OC0zNDM2M2JjN2M0YzAiOnsiY3JlYXRlIjoyNDAwMDAwMDAwMDAsImRlbGV0ZSI6MjQwMDAwMDAwMDAwLCJ1cGRhdGUiOjI0MDAwMDAwMDAwMH19"
        }
      ]
    }
  ],
  "check_results": null
}
